github.com/mathiax90/date v1.0.0 h1:rlpumxBa+y6AWHHGr2PlZLbI2G4UNf5gRG/rZREa1V4=
github.com/mathiax90/date v1.0.0/go.mod h1:8VhtDUKJy2HGDdp13b+CWkEdBa0K4+qh6u5A+WxK45c=
github.com/mathiax90/date v1.1.0 h1:EQ5w7FyIx1gf6IUU7NyI8zp39XQCZxYsL3JCSWkxuMs=
github.com/mathiax90/date v1.1.0/go.mod h1:8VhtDUKJy2HGDdp13b+CWkEdBa0K4+qh6u5A+WxK45c=
